
Microsoft Visual Studio Solution File, Format Version 12.00
# Visual Studio Version 16
VisualStudioVersion = 16.0.30204.135
MinimumVisualStudioVersion = 10.0.40219.1
Project("{9A19103F-16F7-4668-BE54-9A1E7A4F7556}") = "BattleCity", "BattleCity\BattleCity.csproj", "{F3592D87-3BD7-4705-99B2-A8389DC77A2B}"
EndProject
Project("{FAE04EC0-301F-11D3-BF4B-00C04F79EFBC}") = "BattleCity.Tests", "BattleCity.Tests\BattleCity.Tests.csproj", "{BA78B1E3-2BB9-4619-B5A0-2996BF31913D}"
EndProject
Global
	GlobalSection(SolutionConfigurationPlatforms) = preSolution
		Debug|Any CPU = Debug|Any CPU
		Release|Any CPU = Release|Any CPU
	EndGlobalSection
	GlobalSection(ProjectConfigurationPlatforms) = postSolution
		{F3592D87-3BD7-4705-99B2-A8389DC77A2B}.Debug|Any CPU.ActiveCfg = Debug|Any CPU
		{F3592D87-3BD7-4705-99B2-A8389DC77A2B}.Debug|Any CPU.Build.0 = Debug|Any CPU
		{F3592D87-3BD7-4705-99B2-A8389DC77A2B}.Release|Any CPU.ActiveCfg = Release|Any CPU
		{F3592D87-3BD7-4705-99B2-A8389DC77A2B}.Release|Any CPU.Build.0 = Release|Any CPU
		{BA78B1E3-2BB9-4619-B5A0-2996BF31913D}.Debug|Any CPU.ActiveCfg = Debug|Any CPU
		{BA78B1E3-2BB9-4619-B5A0-2996BF31913D}.Debug|Any CPU.Build.0 = Debug|Any CPU
		{BA78B1E3-2BB9-4619-B5A0-2996BF31913D}.Release|Any CPU.ActiveCfg = Release|Any CPU
		{BA78B1E3-2BB9-4619-B5A0-2996BF31913D}.Release|Any CPU.Build.0 = Release|Any CPU
	EndGlobalSection
	GlobalSection(SolutionProperties) = preSolution
		HideSolutionNode = FALSE
	EndGlobalSection
	GlobalSection(ExtensibilityGlobals) = postSolution
		SolutionGuid = {A5E23A69-3E68-4B1D-9DA2-6D0DB6701049}
	EndGlobalSection
EndGlobal
